# This file is automatically @generated by Cargo.
# It is not intended for manual editing.
version = 4

[[package]]
name = "fn64-abi"
version = "0.0.0"
dependencies = [
 "fn64-runtime",
]

[[package]]
name = "fn64-rt64"
version = "0.0.0"
dependencies = [
 "fn64-runtime",
]

[[package]]
name = "fn64-runtime"
version = "0.0.0"

[[package]]
name = "fn64-shell"
version = "0.0.0"
dependencies = [
 "fn64-abi",
 "fn64-rt64",
 "fn64-runtime",
]
